
Microsoft Visual Studio Solution File, Format Version 12.00
# Visual Studio Version 17
VisualStudioVersion = 17.9.34723.18
MinimumVisualStudioVersion = 10.0.40219.1
Project("{9A19103F-16F7-4668-BE54-9A1E7A4F7556}") = "DebateTimers", "DebateTimers\DebateTimers.csproj", "{FA0053BB-51D8-499E-8767-9E1DB682F5E9}"
EndProject
Project("{840C416C-B8F3-42BC-B0DD-F6BB14C9F8CB}") = "DebateTimesSetup", "DebateTimesSetup\DebateTimesSetup.aiproj", "{B966F4C9-FAD1-418E-83C9-FF9A3232AAB2}"
EndProject
Global
	GlobalSection(SolutionConfigurationPlatforms) = preSolution
		All|Any CPU = All|Any CPU
		Debug|Any CPU = Debug|Any CPU
		DefaultBuild|Any CPU = DefaultBuild|Any CPU
		Release|Any CPU = Release|Any CPU
	EndGlobalSection
	GlobalSection(ProjectConfigurationPlatforms) = postSolution
		{FA0053BB-51D8-499E-8767-9E1DB682F5E9}.All|Any CPU.ActiveCfg = Release|Any CPU
		{FA0053BB-51D8-499E-8767-9E1DB682F5E9}.All|Any CPU.Build.0 = Release|Any CPU
		{FA0053BB-51D8-499E-8767-9E1DB682F5E9}.Debug|Any CPU.ActiveCfg = Debug|Any CPU
		{FA0053BB-51D8-499E-8767-9E1DB682F5E9}.Debug|Any CPU.Build.0 = Debug|Any CPU
		{FA0053BB-51D8-499E-8767-9E1DB682F5E9}.DefaultBuild|Any CPU.ActiveCfg = Debug|Any CPU
		{FA0053BB-51D8-499E-8767-9E1DB682F5E9}.DefaultBuild|Any CPU.Build.0 = Debug|Any CPU
		{FA0053BB-51D8-499E-8767-9E1DB682F5E9}.Release|Any CPU.ActiveCfg = Release|Any CPU
		{FA0053BB-51D8-499E-8767-9E1DB682F5E9}.Release|Any CPU.Build.0 = Release|Any CPU
		{B966F4C9-FAD1-418E-83C9-FF9A3232AAB2}.All|Any CPU.ActiveCfg = DefaultBuild
		{B966F4C9-FAD1-418E-83C9-FF9A3232AAB2}.All|Any CPU.Build.0 = DefaultBuild
		{B966F4C9-FAD1-418E-83C9-FF9A3232AAB2}.Debug|Any CPU.ActiveCfg = DefaultBuild
		{B966F4C9-FAD1-418E-83C9-FF9A3232AAB2}.Debug|Any CPU.Build.0 = DefaultBuild
		{B966F4C9-FAD1-418E-83C9-FF9A3232AAB2}.DefaultBuild|Any CPU.ActiveCfg = DefaultBuild
		{B966F4C9-FAD1-418E-83C9-FF9A3232AAB2}.DefaultBuild|Any CPU.Build.0 = DefaultBuild
		{B966F4C9-FAD1-418E-83C9-FF9A3232AAB2}.Release|Any CPU.ActiveCfg = DefaultBuild
		{B966F4C9-FAD1-418E-83C9-FF9A3232AAB2}.Release|Any CPU.Build.0 = DefaultBuild
	EndGlobalSection
	GlobalSection(SolutionProperties) = preSolution
		HideSolutionNode = FALSE
	EndGlobalSection
	GlobalSection(ExtensibilityGlobals) = postSolution
		SolutionGuid = {993951C2-B8FA-479A-BCCB-58A645144283}
	EndGlobalSection
EndGlobal
